
Microsoft Visual Studio Solution File, Format Version 12.00
# Visual Studio Version 17
VisualStudioVersion = 17.0.32112.339
MinimumVisualStudioVersion = 10.0.40219.1
Project("{FAE04EC0-301F-11D3-BF4B-00C04F79EFBC}") = "PiattaformaNoleggioVeicoli.Web", "PiattaformaNoleggioVeicoli.Web\PiattaformaNoleggioVeicoli.Web.csproj", "{222EDA18-73F4-43A5-930B-9ABD740ED972}"
EndProject
Project("{FAE04EC0-301F-11D3-BF4B-00C04F79EFBC}") = "PiattaformaNoleggioVeicoli.Business", "PiattaformaNoleggioVeicoli.Business\PiattaformaNoleggioVeicoli.Business.csproj", "{FA7357F6-F07B-466A-906A-016249F400B1}"
EndProject
Project("{FAE04EC0-301F-11D3-BF4B-00C04F79EFBC}") = "PiattaformaNoleggioVeicoli.Test", "PiattaformaNoleggioVeicoli.Test\PiattaformaNoleggioVeicoli.Test.csproj", "{7E582284-880E-45C1-95F2-8B3A9D3EEBA8}"
EndProject
Global
	GlobalSection(SolutionConfigurationPlatforms) = preSolution
		Debug|Any CPU = Debug|Any CPU
		Release|Any CPU = Release|Any CPU
	EndGlobalSection
	GlobalSection(ProjectConfigurationPlatforms) = postSolution
		{222EDA18-73F4-43A5-930B-9ABD740ED972}.Debug|Any CPU.ActiveCfg = Debug|Any CPU
		{222EDA18-73F4-43A5-930B-9ABD740ED972}.Debug|Any CPU.Build.0 = Debug|Any CPU
		{222EDA18-73F4-43A5-930B-9ABD740ED972}.Release|Any CPU.ActiveCfg = Release|Any CPU
		{222EDA18-73F4-43A5-930B-9ABD740ED972}.Release|Any CPU.Build.0 = Release|Any CPU
		{FA7357F6-F07B-466A-906A-016249F400B1}.Debug|Any CPU.ActiveCfg = Debug|Any CPU
		{FA7357F6-F07B-466A-906A-016249F400B1}.Debug|Any CPU.Build.0 = Debug|Any CPU
		{FA7357F6-F07B-466A-906A-016249F400B1}.Release|Any CPU.ActiveCfg = Release|Any CPU
		{FA7357F6-F07B-466A-906A-016249F400B1}.Release|Any CPU.Build.0 = Release|Any CPU
		{7E582284-880E-45C1-95F2-8B3A9D3EEBA8}.Debug|Any CPU.ActiveCfg = Debug|Any CPU
		{7E582284-880E-45C1-95F2-8B3A9D3EEBA8}.Debug|Any CPU.Build.0 = Debug|Any CPU
		{7E582284-880E-45C1-95F2-8B3A9D3EEBA8}.Release|Any CPU.ActiveCfg = Release|Any CPU
		{7E582284-880E-45C1-95F2-8B3A9D3EEBA8}.Release|Any CPU.Build.0 = Release|Any CPU
	EndGlobalSection
	GlobalSection(SolutionProperties) = preSolution
		HideSolutionNode = FALSE
	EndGlobalSection
	GlobalSection(ExtensibilityGlobals) = postSolution
		SolutionGuid = {697EF036-7975-4A8F-AEFF-3462AAD7737C}
	EndGlobalSection
EndGlobal
